PODS:
  - amplify_auth_cognito (0.0.1):
    - Flutter
    - FlutterMacOS
  - amplify_datastore (0.0.1):
    - amplify_datastore/Amplify (= 0.0.1)
    - amplify_datastore/AWSDataStorePlugin (= 0.0.1)
    - amplify_datastore/AWSPluginsCore (= 0.0.1)
    - Flutter
    - Starscream (= 4.0.4)
  - amplify_datastore/Amplify (0.0.1):
    - Flutter
    - Starscream (= 4.0.4)
  - amplify_datastore/AWSDataStorePlugin (0.0.1):
    - amplify_datastore/Amplify
    - amplify_datastore/AWSPluginsCore
    - Flutter
    - SQLite.swift (= 0.13.2)
    - Starscream (= 4.0.4)
  - amplify_datastore/AWSPluginsCore (0.0.1):
    - amplify_datastore/Amplify
    - Flutter
    - Starscream (= 4.0.4)
  - amplify_secure_storage (0.0.1):
    - Flutter
  - connectivity_plus (0.0.1):
    - Flutter
  - device_info_plus (0.0.1):
    - Flutter
  - Flutter (1.0.0)
  - flutter_local_notifications (0.0.1):
    - Flutter
  - image_picker_ios (0.0.1):
    - Flutter
  - in_app_review (2.0.0):
    - Flutter
  - package_info_plus (0.4.5):
    - Flutter
  - path_provider_foundation (0.0.1):
    - Flutter
    - FlutterMacOS
  - PostHog (3.25.1)
  - posthog_flutter (0.0.1):
    - Flutter
    - FlutterMacOS
    - PostHog (~> 3.22)
  - Sentry/HybridSDK (8.46.0)
  - sentry_flutter (8.14.2):
    - Flutter
    - FlutterMacOS
    - Sentry/HybridSDK (= 8.46.0)
  - share_plus (0.0.1):
    - Flutter
  - shared_preferences_foundation (0.0.1):
    - Flutter
    - FlutterMacOS
  - SQLite.swift (0.13.2):
    - SQLite.swift/standard (= 0.13.2)
  - SQLite.swift/standard (0.13.2)
  - Starscream (4.0.4)
  - url_launcher_ios (0.0.1):
    - Flutter
  - video_player_avfoundation (0.0.1):
    - Flutter
    - FlutterMacOS

DEPENDENCIES:
  - amplify_auth_cognito (from `.symlinks/plugins/amplify_auth_cognito/darwin`)
  - amplify_datastore (from `.symlinks/plugins/amplify_datastore/ios`)
  - amplify_secure_storage (from `.symlinks/plugins/amplify_secure_storage/ios`)
  - connectivity_plus (from `.symlinks/plugins/connectivity_plus/ios`)
  - device_info_plus (from `.symlinks/plugins/device_info_plus/ios`)
  - Flutter (from `Flutter`)
  - flutter_local_notifications (from `.symlinks/plugins/flutter_local_notifications/ios`)
  - image_picker_ios (from `.symlinks/plugins/image_picker_ios/ios`)
  - in_app_review (from `.symlinks/plugins/in_app_review/ios`)
  - package_info_plus (from `.symlinks/plugins/package_info_plus/ios`)
  - path_provider_foundation (from `.symlinks/plugins/path_provider_foundation/darwin`)
  - posthog_flutter (from `.symlinks/plugins/posthog_flutter/ios`)
  - sentry_flutter (from `.symlinks/plugins/sentry_flutter/ios`)
  - share_plus (from `.symlinks/plugins/share_plus/ios`)
  - shared_preferences_foundation (from `.symlinks/plugins/shared_preferences_foundation/darwin`)
  - url_launcher_ios (from `.symlinks/plugins/url_launcher_ios/ios`)
  - video_player_avfoundation (from `.symlinks/plugins/video_player_avfoundation/darwin`)

SPEC REPOS:
  trunk:
    - PostHog
    - Sentry
    - SQLite.swift
    - Starscream

EXTERNAL SOURCES:
  amplify_auth_cognito:
    :path: ".symlinks/plugins/amplify_auth_cognito/darwin"
  amplify_datastore:
    :path: ".symlinks/plugins/amplify_datastore/ios"
  amplify_secure_storage:
    :path: ".symlinks/plugins/amplify_secure_storage/ios"
  connectivity_plus:
    :path: ".symlinks/plugins/connectivity_plus/ios"
  device_info_plus:
    :path: ".symlinks/plugins/device_info_plus/ios"
  Flutter:
    :path: Flutter
  flutter_local_notifications:
    :path: ".symlinks/plugins/flutter_local_notifications/ios"
  image_picker_ios:
    :path: ".symlinks/plugins/image_picker_ios/ios"
  in_app_review:
    :path: ".symlinks/plugins/in_app_review/ios"
  package_info_plus:
    :path: ".symlinks/plugins/package_info_plus/ios"
  path_provider_foundation:
    :path: ".symlinks/plugins/path_provider_foundation/darwin"
  posthog_flutter:
    :path: ".symlinks/plugins/posthog_flutter/ios"
  sentry_flutter:
    :path: ".symlinks/plugins/sentry_flutter/ios"
  share_plus:
    :path: ".symlinks/plugins/share_plus/ios"
  shared_preferences_foundation:
    :path: ".symlinks/plugins/shared_preferences_foundation/darwin"
  url_launcher_ios:
    :path: ".symlinks/plugins/url_launcher_ios/ios"
  video_player_avfoundation:
    :path: ".symlinks/plugins/video_player_avfoundation/darwin"

SPEC CHECKSUMS:
  amplify_auth_cognito: a5d9cb77abfbe05e3501ad0c45dddc81503e7074
  amplify_datastore: 76d1c44680ca218f604e846c9bf5dac2901ddf9d
  amplify_secure_storage: 3edc30177ffefbcee786c408a21c02f8ab9f168e
  connectivity_plus: cb623214f4e1f6ef8fe7403d580fdad517d2f7dd
  device_info_plus: 71ffc6ab7634ade6267c7a93088ed7e4f74e5896
  Flutter: e0871f40cf51350855a761d2e70bf5af5b9b5de7
  flutter_local_notifications: a5a732f069baa862e728d839dd2ebb904737effb
  image_picker_ios: 7fe1ff8e34c1790d6fff70a32484959f563a928a
  in_app_review: 5596fe56fab799e8edb3561c03d053363ab13457
  package_info_plus: af8e2ca6888548050f16fa2f1938db7b5a5df499
  path_provider_foundation: 080d55be775b7414fd5a5ef3ac137b97b097e564
  PostHog: 3e08dcbe2612b90ca4a546bbc8e9a401dd04bb17
  posthog_flutter: 631ab870f7daf1ed190deeb2414eb3e347445f37
  Sentry: da60d980b197a46db0b35ea12cb8f39af48d8854
  sentry_flutter: 27892878729f42701297c628eb90e7c6529f3684
  share_plus: 50da8cb520a8f0f65671c6c6a99b3617ed10a58a
  shared_preferences_foundation: 9e1978ff2562383bd5676f64ec4e9aa8fa06a6f7
  SQLite.swift: 4fc2be46c36392e3b87afe6fe7f1801c1daa07ef
  Starscream: 5178aed56b316f13fa3bc55694e583d35dd414d9
  url_launcher_ios: 694010445543906933d732453a59da0a173ae33d
  video_player_avfoundation: 2cef49524dd1f16c5300b9cd6efd9611ce03639b

PODFILE CHECKSUM: 35349b6b7f6e3e259572f8f552dbeaa658459f53

COCOAPODS: 1.16.2
